Microsoft Visual Studio Solution File, Format Version 12.00
# Visual Studio Version 17
VisualStudioVersion = 17.5.2.0
MinimumVisualStudioVersion = 10.0.40219.1
Project("{2150E333-8FDC-42A3-9474-1A3956D46DE8}") = "The Triad PC", "The Triad PC", "{724F9491-1D0E-AFB7-4B39-AD36D3A49500}"
EndProject
Project("{FAE04EC0-301F-11D3-BF4B-00C04F79EFBC}") = "TheTriadPCNightCrew", "The Triad PC\TheTriadPCNightCrew.csproj", "{43C77B2C-85D7-F5F6-C99C-42BB6789755B}"
EndProject
Global
	GlobalSection(SolutionConfigurationPlatforms) = preSolution
		Debug|Any CPU = Debug|Any CPU
		Release|Any CPU = Release|Any CPU
	EndGlobalSection
	GlobalSection(ProjectConfigurationPlatforms) = postSolution
		{43C77B2C-85D7-F5F6-C99C-42BB6789755B}.Debug|Any CPU.ActiveCfg = Debug|Any CPU
		{43C77B2C-85D7-F5F6-C99C-42BB6789755B}.Debug|Any CPU.Build.0 = Debug|Any CPU
		{43C77B2C-85D7-F5F6-C99C-42BB6789755B}.Release|Any CPU.ActiveCfg = Release|Any CPU
		{43C77B2C-85D7-F5F6-C99C-42BB6789755B}.Release|Any CPU.Build.0 = Release|Any CPU
	EndGlobalSection
	GlobalSection(SolutionProperties) = preSolution
		HideSolutionNode = FALSE
	EndGlobalSection
	GlobalSection(NestedProjects) = preSolution
		{43C77B2C-85D7-F5F6-C99C-42BB6789755B} = {724F9491-1D0E-AFB7-4B39-AD36D3A49500}
	EndGlobalSection
	GlobalSection(ExtensibilityGlobals) = postSolution
		SolutionGuid = {B376788D-043E-4661-91AA-EB0F7A0F58C4}
	EndGlobalSection
EndGlobal
